
Microsoft Visual Studio Solution File, Format Version 12.00
# Visual Studio Version 16
VisualStudioVersion = 16.0.30517.126
MinimumVisualStudioVersion = 10.0.40219.1
Project("{FAE04EC0-301F-11D3-BF4B-00C04F79EFBC}") = "SwitchDemo", "SwitchDemo\SwitchDemo.csproj", "{A49AD1CD-EB63-4DE0-904E-225BDBE015F6}"
EndProject
Global
	GlobalSection(SolutionConfigurationPlatforms) = preSolution
		Debug|Any CPU = Debug|Any CPU
		Release|Any CPU = Release|Any CPU
	EndGlobalSection
	GlobalSection(ProjectConfigurationPlatforms) = postSolution
		{A49AD1CD-EB63-4DE0-904E-225BDBE015F6}.Debug|Any CPU.ActiveCfg = Debug|Any CPU
		{A49AD1CD-EB63-4DE0-904E-225BDBE015F6}.Debug|Any CPU.Build.0 = Debug|Any CPU
		{A49AD1CD-EB63-4DE0-904E-225BDBE015F6}.Release|Any CPU.ActiveCfg = Release|Any CPU
		{A49AD1CD-EB63-4DE0-904E-225BDBE015F6}.Release|Any CPU.Build.0 = Release|Any CPU
	EndGlobalSection
	GlobalSection(SolutionProperties) = preSolution
		HideSolutionNode = FALSE
	EndGlobalSection
	GlobalSection(ExtensibilityGlobals) = postSolution
		SolutionGuid = {C696E6AD-8B70-4592-B19D-9B688AD432E6}
	EndGlobalSection
EndGlobal
