
Microsoft Visual Studio Solution File, Format Version 12.00
# Visual Studio Version 16
VisualStudioVersion = 16.0.30523.141
MinimumVisualStudioVersion = 10.0.40219.1
Project("{FAE04EC0-301F-11D3-BF4B-00C04F79EFBC}") = "Indexadores Demo", "Indexadores Demo\Indexadores Demo.csproj", "{C145E5EF-227E-43A5-AF10-E3CAD0330EC4}"
EndProject
Global
	GlobalSection(SolutionConfigurationPlatforms) = preSolution
		Debug|Any CPU = Debug|Any CPU
		Release|Any CPU = Release|Any CPU
	EndGlobalSection
	GlobalSection(ProjectConfigurationPlatforms) = postSolution
		{C145E5EF-227E-43A5-AF10-E3CAD0330EC4}.Debug|Any CPU.ActiveCfg = Debug|Any CPU
		{C145E5EF-227E-43A5-AF10-E3CAD0330EC4}.Debug|Any CPU.Build.0 = Debug|Any CPU
		{C145E5EF-227E-43A5-AF10-E3CAD0330EC4}.Release|Any CPU.ActiveCfg = Release|Any CPU
		{C145E5EF-227E-43A5-AF10-E3CAD0330EC4}.Release|Any CPU.Build.0 = Release|Any CPU
	EndGlobalSection
	GlobalSection(SolutionProperties) = preSolution
		HideSolutionNode = FALSE
	EndGlobalSection
	GlobalSection(ExtensibilityGlobals) = postSolution
		SolutionGuid = {5C41C703-51AE-4DCF-858F-27F1BFB548F2}
	EndGlobalSection
EndGlobal
