
Microsoft Visual Studio Solution File, Format Version 12.00
# Visual Studio Version 16
VisualStudioVersion = 16.0.30523.141
MinimumVisualStudioVersion = 10.0.40219.1
Project("{FAE04EC0-301F-11D3-BF4B-00C04F79EFBC}") = "InterfacesAbstractasDemo", "InterfacesAbstractasDemo\InterfacesAbstractasDemo.csproj", "{1099C369-A8E1-4DCA-8793-80ECC27FB818}"
EndProject
Global
	GlobalSection(SolutionConfigurationPlatforms) = preSolution
		Debug|Any CPU = Debug|Any CPU
		Release|Any CPU = Release|Any CPU
	EndGlobalSection
	GlobalSection(ProjectConfigurationPlatforms) = postSolution
		{1099C369-A8E1-4DCA-8793-80ECC27FB818}.Debug|Any CPU.ActiveCfg = Debug|Any CPU
		{1099C369-A8E1-4DCA-8793-80ECC27FB818}.Debug|Any CPU.Build.0 = Debug|Any CPU
		{1099C369-A8E1-4DCA-8793-80ECC27FB818}.Release|Any CPU.ActiveCfg = Release|Any CPU
		{1099C369-A8E1-4DCA-8793-80ECC27FB818}.Release|Any CPU.Build.0 = Release|Any CPU
	EndGlobalSection
	GlobalSection(SolutionProperties) = preSolution
		HideSolutionNode = FALSE
	EndGlobalSection
	GlobalSection(ExtensibilityGlobals) = postSolution
		SolutionGuid = {8F42A938-E4BA-4533-8829-4129A6FF1988}
	EndGlobalSection
EndGlobal
