
Microsoft Visual Studio Solution File, Format Version 12.00
# Visual Studio Version 16
VisualStudioVersion = 16.0.30523.141
MinimumVisualStudioVersion = 10.0.40219.1
Project("{FAE04EC0-301F-11D3-BF4B-00C04F79EFBC}") = "EnumeracionesDemo", "EnumeracionesDemo\EnumeracionesDemo.csproj", "{B76FB9B1-274F-48ED-9942-157E0E54311E}"
EndProject
Global
	GlobalSection(SolutionConfigurationPlatforms) = preSolution
		Debug|Any CPU = Debug|Any CPU
		Release|Any CPU = Release|Any CPU
	EndGlobalSection
	GlobalSection(ProjectConfigurationPlatforms) = postSolution
		{B76FB9B1-274F-48ED-9942-157E0E54311E}.Debug|Any CPU.ActiveCfg = Debug|Any CPU
		{B76FB9B1-274F-48ED-9942-157E0E54311E}.Debug|Any CPU.Build.0 = Debug|Any CPU
		{B76FB9B1-274F-48ED-9942-157E0E54311E}.Release|Any CPU.ActiveCfg = Release|Any CPU
		{B76FB9B1-274F-48ED-9942-157E0E54311E}.Release|Any CPU.Build.0 = Release|Any CPU
	EndGlobalSection
	GlobalSection(SolutionProperties) = preSolution
		HideSolutionNode = FALSE
	EndGlobalSection
	GlobalSection(ExtensibilityGlobals) = postSolution
		SolutionGuid = {B7CD9BE1-2CC0-4973-A04B-15453E721B8D}
	EndGlobalSection
EndGlobal
