
Microsoft Visual Studio Solution File, Format Version 12.00
# Visual Studio Version 16
VisualStudioVersion = 16.0.30523.141
MinimumVisualStudioVersion = 10.0.40219.1
Project("{FAE04EC0-301F-11D3-BF4B-00C04F79EFBC}") = "ArreglosDemo", "ArreglosDemo\ArreglosDemo.csproj", "{BD66990E-6743-4DE4-8BD5-4DE90975AABD}"
EndProject
Global
	GlobalSection(SolutionConfigurationPlatforms) = preSolution
		Debug|Any CPU = Debug|Any CPU
		Release|Any CPU = Release|Any CPU
	EndGlobalSection
	GlobalSection(ProjectConfigurationPlatforms) = postSolution
		{BD66990E-6743-4DE4-8BD5-4DE90975AABD}.Debug|Any CPU.ActiveCfg = Debug|Any CPU
		{BD66990E-6743-4DE4-8BD5-4DE90975AABD}.Debug|Any CPU.Build.0 = Debug|Any CPU
		{BD66990E-6743-4DE4-8BD5-4DE90975AABD}.Release|Any CPU.ActiveCfg = Release|Any CPU
		{BD66990E-6743-4DE4-8BD5-4DE90975AABD}.Release|Any CPU.Build.0 = Release|Any CPU
	EndGlobalSection
	GlobalSection(SolutionProperties) = preSolution
		HideSolutionNode = FALSE
	EndGlobalSection
	GlobalSection(ExtensibilityGlobals) = postSolution
		SolutionGuid = {73F9B4B2-AABC-4A56-B5C4-ABB659B7475E}
	EndGlobalSection
EndGlobal
